
Microsoft Visual Studio Solution File, Format Version 12.00
# Visual Studio Version 17
VisualStudioVersion = 17.0.31903.59
MinimumVisualStudioVersion = 10.0.40219.1
Project("{FAE04EC0-301F-11D3-BF4B-00C04F79EFBC}") = "Game", "Game.csproj", "{10A07539-867A-4A7A-B4BA-85401CF7AB51}"
EndProject
Project("{FAE04EC0-301F-11D3-BF4B-00C04F79EFBC}") = "Game.Core", "..\Game.Core\Game.Core.csproj", "{CE23B9CD-C2F1-4442-A3C6-B803567C5CE1}"
EndProject
Global
	GlobalSection(SolutionConfigurationPlatforms) = preSolution
		Debug|Any CPU = Debug|Any CPU
		Debug|x64 = Debug|x64
		Debug|x86 = Debug|x86
		Release|Any CPU = Release|Any CPU
		Release|x64 = Release|x64
		Release|x86 = Release|x86
	EndGlobalSection
	GlobalSection(ProjectConfigurationPlatforms) = postSolution
		{10A07539-867A-4A7A-B4BA-85401CF7AB51}.Debug|Any CPU.ActiveCfg = Debug|Any CPU
		{10A07539-867A-4A7A-B4BA-85401CF7AB51}.Debug|Any CPU.Build.0 = Debug|Any CPU
		{10A07539-867A-4A7A-B4BA-85401CF7AB51}.Debug|x64.ActiveCfg = Debug|Any CPU
		{10A07539-867A-4A7A-B4BA-85401CF7AB51}.Debug|x64.Build.0 = Debug|Any CPU
		{10A07539-867A-4A7A-B4BA-85401CF7AB51}.Debug|x86.ActiveCfg = Debug|Any CPU
		{10A07539-867A-4A7A-B4BA-85401CF7AB51}.Debug|x86.Build.0 = Debug|Any CPU
		{10A07539-867A-4A7A-B4BA-85401CF7AB51}.Release|Any CPU.ActiveCfg = Debug|Any CPU
		{10A07539-867A-4A7A-B4BA-85401CF7AB51}.Release|Any CPU.Build.0 = Debug|Any CPU
		{10A07539-867A-4A7A-B4BA-85401CF7AB51}.Release|x64.ActiveCfg = Debug|Any CPU
		{10A07539-867A-4A7A-B4BA-85401CF7AB51}.Release|x64.Build.0 = Debug|Any CPU
		{10A07539-867A-4A7A-B4BA-85401CF7AB51}.Release|x86.ActiveCfg = Debug|Any CPU
		{10A07539-867A-4A7A-B4BA-85401CF7AB51}.Release|x86.Build.0 = Debug|Any CPU
		{CE23B9CD-C2F1-4442-A3C6-B803567C5CE1}.Debug|Any CPU.ActiveCfg = Debug|Any CPU
		{CE23B9CD-C2F1-4442-A3C6-B803567C5CE1}.Debug|Any CPU.Build.0 = Debug|Any CPU
		{CE23B9CD-C2F1-4442-A3C6-B803567C5CE1}.Debug|x64.ActiveCfg = Debug|Any CPU
		{CE23B9CD-C2F1-4442-A3C6-B803567C5CE1}.Debug|x64.Build.0 = Debug|Any CPU
		{CE23B9CD-C2F1-4442-A3C6-B803567C5CE1}.Debug|x86.ActiveCfg = Debug|Any CPU
		{CE23B9CD-C2F1-4442-A3C6-B803567C5CE1}.Debug|x86.Build.0 = Debug|Any CPU
		{CE23B9CD-C2F1-4442-A3C6-B803567C5CE1}.Release|Any CPU.ActiveCfg = Release|Any CPU
		{CE23B9CD-C2F1-4442-A3C6-B803567C5CE1}.Release|Any CPU.Build.0 = Release|Any CPU
		{CE23B9CD-C2F1-4442-A3C6-B803567C5CE1}.Release|x64.ActiveCfg = Release|Any CPU
		{CE23B9CD-C2F1-4442-A3C6-B803567C5CE1}.Release|x64.Build.0 = Release|Any CPU
		{CE23B9CD-C2F1-4442-A3C6-B803567C5CE1}.Release|x86.ActiveCfg = Release|Any CPU
		{CE23B9CD-C2F1-4442-A3C6-B803567C5CE1}.Release|x86.Build.0 = Release|Any CPU
	EndGlobalSection
	GlobalSection(SolutionProperties) = preSolution
		HideSolutionNode = FALSE
	EndGlobalSection
EndGlobal
